// !$*UTF8*$!
{
	archiveVersion = 1;
	classes = {
	};
	objectVersion = 55;
	objects = {

/* Begin PBXBuildFile section */
		FA5DCCA527C5430E00726CFE /* AppDelegate.swift in Sources */ = {isa = PBXBuildFile; fileRef = FA5DCCA427C5430E00726CFE /* AppDelegate.swift */; };
		FA5DCCA727C5430E00726CFE /* SceneDelegate.swift in Sources */ = {isa = PBXBuildFile; fileRef = FA5DCCA627C5430E00726CFE /* SceneDelegate.swift */; };
		FA5DCCA927C5430E00726CFE /* ViewController.swift in Sources */ = {isa = PBXBuildFile; fileRef = FA5DCCA827C5430E00726CFE /* ViewController.swift */; };
		FA5DCCAC27C5430E00726CFE /* Main.storyboard in Resources */ = {isa = PBXBuildFile; fileRef = FA5DCCAA27C5430E00726CFE /* Main.storyboard */; };
		FA5DCCAE27C5430F00726CFE /* Assets.xcassets in Resources */ = {isa = PBXBuildFile; fileRef = FA5DCCAD27C5430F00726CFE /* Assets.xcassets */; };
		FA5DCCB127C5430F00726CFE /* LaunchScreen.storyboard in Resources */ = {isa = PBXBuildFile; fileRef = FA5DCCAF27C5430F00726CFE /* LaunchScreen.storyboard */; };
		FA5DCCBC27C5430F00726CFE /* Word_GuessTests.swift in Sources */ = {isa = PBXBuildFile; fileRef = FA5DCCBB27C5430F00726CFE /* Word_GuessTests.swift */; };
		FA5DCCC627C5430F00726CFE /* Word_GuessUITests.swift in Sources */ = {isa = PBXBuildFile; fileRef = FA5DCCC527C5430F00726CFE /* Word_GuessUITests.swift */; };
		FA5DCCC827C5430F00726CFE /* Word_GuessUITestsLaunchTests.swift in Sources */ = {isa = PBXBuildFile; fileRef = FA5DCCC727C5430F00726CFE /* Word_GuessUITestsLaunchTests.swift */; };
/* End PBXBuildFile section */

/* Begin PBXContainerItemProxy section */
		FA5DCCB827C5430F00726CFE /* PBXContainerItemProxy */ = {
			isa = PBXContainerItemProxy;
			containerPortal = FA5DCC9927C5430E00726CFE /* Project object */;
			proxyType = 1;
			remoteGlobalIDString = FA5DCCA027C5430E00726CFE;
			remoteInfo = "Word Guess";
		};
		FA5DCCC227C5430F00726CFE /* PBXContainerItemProxy */ = {
			isa = PBXContainerItemProxy;
			containerPortal = FA5DCC9927C5430E00726CFE /* Project object */;
			proxyType = 1;
			remoteGlobalIDString = FA5DCCA027C5430E00726CFE;
			remoteInfo = "Word Guess";
		};
/* End PBXContainerItemProxy section */

/* Begin PBXFileReference section */
		FA5DCCA127C5430E00726CFE /* Word Guess.app */ = {isa = PBXFileReference; explicitFileType = wrapper.application; includeInIndex = 0; path = "Word Guess.app"; sourceTree = BUILT_PRODUCTS_DIR; };
		FA5DCCA427C5430E00726CFE /* AppDelegate.swift */ = {isa = PBXFileReference; lastKnownFileType = sourcecode.swift; path = AppDelegate.swift; sourceTree = "<group>"; };
		FA5DCCA627C5430E00726CFE /* SceneDelegate.swift */ = {isa = PBXFileReference; lastKnownFileType = sourcecode.swift; path = SceneDelegate.swift; sourceTree = "<group>"; };
		FA5DCCA827C5430E00726CFE /* ViewController.swift */ = {isa = PBXFileReference; lastKnownFileType = sourcecode.swift; path = ViewController.swift; sourceTree = "<group>"; };
		FA5DCCAB27C5430E00726CFE /* Base */ = {isa = PBXFileReference; lastKnownFileType = file.storyboard; name = Base; path = Base.lproj/Main.storyboard; sourceTree = "<group>"; };
		FA5DCCAD27C5430F00726CFE /* Assets.xcassets */ = {isa = PBXFileReference; lastKnownFileType = folder.assetcatalog; path = Assets.xcassets; sourceTree = "<group>"; };
		FA5DCCB027C5430F00726CFE /* Base */ = {isa = PBXFileReference; lastKnownFileType = file.storyboard; name = Base; path = Base.lproj/LaunchScreen.storyboard; sourceTree = "<group>"; };
		FA5DCCB227C5430F00726CFE /* Info.plist */ = {isa = PBXFileReference; lastKnownFileType = text.plist.xml; path = Info.plist; sourceTree = "<group>"; };
		FA5DCCB727C5430F00726CFE /* Word GuessTests.xctest */ = {isa = PBXFileReference; explicitFileType = wrapper.cfbundle; includeInIndex = 0; path = "Word GuessTests.xctest"; sourceTree = BUILT_PRODUCTS_DIR; };
		FA5DCCBB27C5430F00726CFE /* Word_GuessTests.swift */ = {isa = PBXFileReference; lastKnownFileType = sourcecode.swift; path = Word_GuessTests.swift; sourceTree = "<group>"; };
		FA5DCCC127C5430F00726CFE /* Word GuessUITests.xctest */ = {isa = PBXFileReference; explicitFileType = wrapper.cfbundle; includeInIndex = 0; path = "Word GuessUITests.xctest"; sourceTree = BUILT_PRODUCTS_DIR; };
		FA5DCCC527C5430F00726CFE /* Word_GuessUITests.swift */ = {isa = PBXFileReference; lastKnownFileType = sourcecode.swift; path = Word_GuessUITests.swift; sourceTree = "<group>"; };
		FA5DCCC727C5430F00726CFE /* Word_GuessUITestsLaunchTests.swift */ = {isa = PBXFileReference; lastKnownFileType = sourcecode.swift; path = Word_GuessUITestsLaunchTests.swift; sourceTree = "<group>"; };
/* End PBXFileReference section */

/* Begin PBXFrameworksBuildPhase section */
		FA5DCC9E27C5430E00726CFE /* Frameworks */ = {
			isa = PBXFrameworksBuildPhase;
			buildActionMask = 2147483647;
			files = (
			);
			runOnlyForDeploymentPostprocessing = 0;
		};
		FA5DCCB427C5430F00726CFE /* Frameworks */ = {
			isa = PBXFrameworksBuildPhase;
			buildActionMask = 2147483647;
			files = (
			);
			runOnlyForDeploymentPostprocessing = 0;
		};
		FA5DCCBE27C5430F00726CFE /* Frameworks */ = {
			isa = PBXFrameworksBuildPhase;
			buildActionMask = 2147483647;
			files = (
			);
			runOnlyForDeploymentPostprocessing = 0;
		};
/* End PBXFrameworksBuildPhase section */

/* Begin PBXGroup section */
		FA5DCC9827C5430E00726CFE = {
			isa = PBXGroup;
			children = (
				FA5DCCA327C5430E00726CFE /* Word Guess */,
				FA5DCCBA27C5430F00726CFE /* Word GuessTests */,
				FA5DCCC427C5430F00726CFE /* Word GuessUITests */,
				FA5DCCA227C5430E00726CFE /* Products */,
			);
			sourceTree = "<group>";
		};
		FA5DCCA227C5430E00726CFE /* Products */ = {
			isa = PBXGroup;
			children = (
				FA5DCCA127C5430E00726CFE /* Word Guess.app */,
				FA5DCCB727C5430F00726CFE /* Word GuessTests.xctest */,
				FA5DCCC127C5430F00726CFE /* Word GuessUITests.xctest */,
			);
			name = Products;
			sourceTree = "<group>";
		};
		FA5DCCA327C5430E00726CFE /* Word Guess */ = {
			isa = PBXGroup;
			children = (
				FA5DCCA427C5430E00726CFE /* AppDelegate.swift */,
				FA5DCCA627C5430E00726CFE /* SceneDelegate.swift */,
				FA5DCCA827C5430E00726CFE /* ViewController.swift */,
				FA5DCCAA27C5430E00726CFE /* Main.storyboard */,
				FA5DCCAD27C5430F00726CFE /* Assets.xcassets */,
				FA5DCCAF27C5430F00726CFE /* LaunchScreen.storyboard */,
				FA5DCCB227C5430F00726CFE /* Info.plist */,
			);
			path = "Word Guess";
			sourceTree = "<group>";
		};
		FA5DCCBA27C5430F00726CFE /* Word GuessTests */ = {
			isa = PBXGroup;
			children = (
				FA5DCCBB27C5430F00726CFE /* Word_GuessTests.swift */,
			);
			path = "Word GuessTests";
			sourceTree = "<group>";
		};
		FA5DCCC427C5430F00726CFE /* Word GuessUITests */ = {
			isa = PBXGroup;
			children = (
				FA5DCCC527C5430F00726CFE /* Word_GuessUITests.swift */,
				FA5DCCC727C5430F00726CFE /* Word_GuessUITestsLaunchTests.swift */,
			);
			path = "Word GuessUITests";
			sourceTree = "<group>";
		};
/* End PBXGroup section */

/* Begin PBXNativeTarget section */
		FA5DCCA027C5430E00726CFE /* Word Guess */ = {
			isa = PBXNativeTarget;
			buildConfigurationList = FA5DCCCB27C5430F00726CFE /* Build configuration list for PBXNativeTarget "Word Guess" */;
			buildPhases = (
				FA5DCC9D27C5430E00726CFE /* Sources */,
				FA5DCC9E27C5430E00726CFE /* Frameworks */,
				FA5DCC9F27C5430E00726CFE /* Resources */,
			);
			buildRules = (
			);
			dependencies = (
			);
			name = "Word Guess";
			productName = "Word Guess";
			productReference = FA5DCCA127C5430E00726CFE /* Word Guess.app */;
			productType = "com.apple.product-type.application";
		};
		FA5DCCB627C5430F00726CFE /* Word GuessTests */ = {
			isa = PBXNativeTarget;
			buildConfigurationList = FA5DCCCE27C5430F00726CFE /* Build configuration list for PBXNativeTarget "Word GuessTests" */;
			buildPhases = (
				FA5DCCB327C5430F00726CFE /* Sources */,
				FA5DCCB427C5430F00726CFE /* Frameworks */,
				FA5DCCB527C5430F00726CFE /* Resources */,
			);
			buildRules = (
			);
			dependencies = (
				FA5DCCB927C5430F00726CFE /* PBXTargetDependency */,
			);
			name = "Word GuessTests";
			productName = "Word GuessTests";
			productReference = FA5DCCB727C5430F00726CFE /* Word GuessTests.xctest */;
			productType = "com.apple.product-type.bundle.unit-test";
		};
		FA5DCCC027C5430F00726CFE /* Word GuessUITests */ = {
			isa = PBXNativeTarget;
			buildConfigurationList = FA5DCCD127C5430F00726CFE /* Build configuration list for PBXNativeTarget "Word GuessUITests" */;
			buildPhases = (
				FA5DCCBD27C5430F00726CFE /* Sources */,
				FA5DCCBE27C5430F00726CFE /* Frameworks */,
				FA5DCCBF27C5430F00726CFE /* Resources */,
			);
			buildRules = (
			);
			dependencies = (
				FA5DCCC327C5430F00726CFE /* PBXTargetDependency */,
			);
			name = "Word GuessUITests";
			productName = "Word GuessUITests";
			productReference = FA5DCCC127C5430F00726CFE /* Word GuessUITests.xctest */;
			productType = "com.apple.product-type.bundle.ui-testing";
		};
/* End PBXNativeTarget section */

/* Begin PBXProject section */
		FA5DCC9927C5430E00726CFE /* Project object */ = {
			isa = PBXProject;
			attributes = {
				BuildIndependentTargetsInParallel = 1;
				LastSwiftUpdateCheck = 1320;
				LastUpgradeCheck = 1320;
				TargetAttributes = {
					FA5DCCA027C5430E00726CFE = {
						CreatedOnToolsVersion = 13.2.1;
					};
					FA5DCCB627C5430F00726CFE = {
						CreatedOnToolsVersion = 13.2.1;
						TestTargetID = FA5DCCA027C5430E00726CFE;
					};
					FA5DCCC027C5430F00726CFE = {
						CreatedOnToolsVersion = 13.2.1;
						TestTargetID = FA5DCCA027C5430E00726CFE;
					};
				};
			};
			buildConfigurationList = FA5DCC9C27C5430E00726CFE /* Build configuration list for PBXProject "Word Guess" */;
			compatibilityVersion = "Xcode 13.0";
			developmentRegion = en;
			hasScannedForEncodings = 0;
			knownRegions = (
				en,
				Base,
			);
			mainGroup = FA5DCC9827C5430E00726CFE;
			productRefGroup = FA5DCCA227C5430E00726CFE /* Products */;
			projectDirPath = "";
			projectRoot = "";
			targets = (
				FA5DCCA027C5430E00726CFE /* Word Guess */,
				FA5DCCB627C5430F00726CFE /* Word GuessTests */,
				FA5DCCC027C5430F00726CFE /* Word GuessUITests */,
			);
		};
/* End PBXProject section */

/* Begin PBXResourcesBuildPhase section */
		FA5DCC9F27C5430E00726CFE /* Resources */ = {
			isa = PBXResourcesBuildPhase;
			buildActionMask = 2147483647;
			files = (
				FA5DCCB127C5430F00726CFE /* LaunchScreen.storyboard in Resources */,
				FA5DCCAE27C5430F00726CFE /* Assets.xcassets in Resources */,
				FA5DCCAC27C5430E00726CFE /* Main.storyboard in Resources */,
			);
			runOnlyForDeploymentPostprocessing = 0;
		};
		FA5DCCB527C5430F00726CFE /* Resources */ = {
			isa = PBXResourcesBuildPhase;
			buildActionMask = 2147483647;
			files = (
			);
			runOnlyForDeploymentPostprocessing = 0;
		};
		FA5DCCBF27C5430F00726CFE /* Resources */ = {
			isa = PBXResourcesBuildPhase;
			buildActionMask = 2147483647;
			files = (
			);
			runOnlyForDeploymentPostprocessing = 0;
		};
/* End PBXResourcesBuildPhase section */

/* Begin PBXSourcesBuildPhase section */
		FA5DCC9D27C5430E00726CFE /* Sources */ = {
			isa = PBXSourcesBuildPhase;
			buildActionMask = 2147483647;
			files = (
				FA5DCCA927C5430E00726CFE /* ViewController.swift in Sources */,
				FA5DCCA527C5430E00726CFE /* AppDelegate.swift in Sources */,
				FA5DCCA727C5430E00726CFE /* SceneDelegate.swift in Sources */,
			);
			runOnlyForDeploymentPostprocessing = 0;
		};
		FA5DCCB327C5430F00726CFE /* Sources */ = {
			isa = PBXSourcesBuildPhase;
			buildActionMask = 2147483647;
			files = (
				FA5DCCBC27C5430F00726CFE /* Word_GuessTests.swift in Sources */,
			);
			runOnlyForDeploymentPostprocessing = 0;
		};
		FA5DCCBD27C5430F00726CFE /* Sources */ = {
			isa = PBXSourcesBuildPhase;
			buildActionMask = 2147483647;
			files = (
				FA5DCCC827C5430F00726CFE /* Word_GuessUITestsLaunchTests.swift in Sources */,
				FA5DCCC627C5430F00726CFE /* Word_GuessUITests.swift in Sources */,
			);
			runOnlyForDeploymentPostprocessing = 0;
		};
/* End PBXSourcesBuildPhase section */

/* Begin PBXTargetDependency section */
		FA5DCCB927C5430F00726CFE /* PBXTargetDependency */ = {
			isa = PBXTargetDependency;
			target = FA5DCCA027C5430E00726CFE /* Word Guess */;
			targetProxy = FA5DCCB827C5430F00726CFE /* PBXContainerItemProxy */;
		};
		FA5DCCC327C5430F00726CFE /* PBXTargetDependency */ = {
			isa = PBXTargetDependency;
			target = FA5DCCA027C5430E00726CFE /* Word Guess */;
			targetProxy = FA5DCCC227C5430F00726CFE /* PBXContainerItemProxy */;
		};
/* End PBXTargetDependency section */

/* Begin PBXVariantGroup section */
		FA5DCCAA27C5430E00726CFE /* Main.storyboard */ = {
			isa = PBXVariantGroup;
			children = (
				FA5DCCAB27C5430E00726CFE /* Base */,
			);
			name = Main.storyboard;
			sourceTree = "<group>";
		};
		FA5DCCAF27C5430F00726CFE /* LaunchScreen.storyboard */ = {
			isa = PBXVariantGroup;
			children = (
				FA5DCCB027C5430F00726CFE /* Base */,
			);
			name = LaunchScreen.storyboard;
			sourceTree = "<group>";
		};
/* End PBXVariantGroup section */

/* Begin XCBuildConfiguration section */
		FA5DCCC927C5430F00726CFE /* Debug */ = {
			isa = XCBuildConfiguration;
			buildSettings = {
				ALWAYS_SEARCH_USER_PATHS = NO;
				CLANG_ANALYZER_NONNULL = YES;
				CLANG_ANALYZER_NUMBER_OBJECT_CONVERSION = YES_AGGRESSIVE;
				CLANG_CXX_LANGUAGE_STANDARD = "gnu++17";
				CLANG_CXX_LIBRARY = "libc++";
				CLANG_ENABLE_MODULES = YES;
				CLANG_ENABLE_OBJC_ARC = YES;
				CLANG_ENABLE_OBJC_WEAK = YES;
				CLANG_WARN_BLOCK_CAPTURE_AUTORELEASING = YES;
				CLANG_WARN_BOOL_CONVERSION = YES;
				CLANG_WARN_COMMA = YES;
				CLANG_WARN_CONSTANT_CONVERSION = YES;
				CLANG_WARN_DEPRECATED_OBJC_IMPLEMENTATIONS = YES;
				CLANG_WARN_DIRECT_OBJC_ISA_USAGE = YES_ERROR;
				CLANG_WARN_DOCUMENTATION_COMMENTS = YES;
				CLANG_WARN_EMPTY_BODY = YES;
				CLANG_WARN_ENUM_CONVERSION = YES;
				CLANG_WARN_INFINITE_RECURSION = YES;
				CLANG_WARN_INT_CONVERSION = YES;
				CLANG_WARN_NON_LITERAL_NULL_CONVERSION = YES;
				CLANG_WARN_OBJC_IMPLICIT_RETAIN_SELF = YES;
				CLANG_WARN_OBJC_LITERAL_CONVERSION = YES;
				CLANG_WARN_OBJC_ROOT_CLASS = YES_ERROR;
				CLANG_WARN_QUOTED_INCLUDE_IN_FRAMEWORK_HEADER = YES;
				CLANG_WARN_RANGE_LOOP_ANALYSIS = YES;
				CLANG_WARN_STRICT_PROTOTYPES = YES;
				CLANG_WARN_SUSPICIOUS_MOVE = YES;
				CLANG_WARN_UNGUARDED_AVAILABILITY = YES_AGGRESSIVE;
				CLANG_WARN_UNREACHABLE_CODE = YES;
				CLANG_WARN__DUPLICATE_METHOD_MATCH = YES;
				COPY_PHASE_STRIP = NO;
				DEBUG_INFORMATION_FORMAT = dwarf;
				ENABLE_STRICT_OBJC_MSGSEND = YES;
				ENABLE_TESTABILITY = YES;
				GCC_C_LANGUAGE_STANDARD = gnu11;
				GCC_DYNAMIC_NO_PIC = NO;
				GCC_NO_COMMON_BLOCKS = YES;
				GCC_OPTIMIZATION_LEVEL = 0;
				GCC_PREPROCESSOR_DEFINITIONS = (
					"DEBUG=1",
					"$(inherited)",
				);
				GCC_WARN_64_TO_32_BIT_CONVERSION = YES;
				GCC_WARN_ABOUT_RETURN_TYPE = YES_ERROR;
				GCC_WARN_UNDECLARED_SELECTOR = YES;
				GCC_WARN_UNINITIALIZED_AUTOS = YES_AGGRESSIVE;
				GCC_WARN_UNUSED_FUNCTION = YES;
				GCC_WARN_UNUSED_VARIABLE = YES;
				IPHONEOS_DEPLOYMENT_TARGET = 15.2;
				MTL_ENABLE_DEBUG_INFO = INCLUDE_SOURCE;
				MTL_FAST_MATH = YES;
				ONLY_ACTIVE_ARCH = YES;
				SDKROOT = iphoneos;
				SWIFT_ACTIVE_COMPILATION_CONDITIONS = DEBUG;
				SWIFT_OPTIMIZATION_LEVEL = "-Onone";
			};
			name = Debug;
		};
		FA5DCCCA27C5430F00726CFE /* Release */ = {
			isa = XCBuildConfiguration;
			buildSettings = {
				ALWAYS_SEARCH_USER_PATHS = NO;
				CLANG_ANALYZER_NONNULL = YES;
				CLANG_ANALYZER_NUMBER_OBJECT_CONVERSION = YES_AGGRESSIVE;
				CLANG_CXX_LANGUAGE_STANDARD = "gnu++17";
				CLANG_CXX_LIBRARY = "libc++";
				CLANG_ENABLE_MODULES = YES;
				CLANG_ENABLE_OBJC_ARC = YES;
				CLANG_ENABLE_OBJC_WEAK = YES;
				CLANG_WARN_BLOCK_CAPTURE_AUTORELEASING = YES;
				CLANG_WARN_BOOL_CONVERSION = YES;
				CLANG_WARN_COMMA = YES;
				CLANG_WARN_CONSTANT_CONVERSION = YES;
				CLANG_WARN_DEPRECATED_OBJC_IMPLEMENTATIONS = YES;
				CLANG_WARN_DIRECT_OBJC_ISA_USAGE = YES_ERROR;
				CLANG_WARN_DOCUMENTATION_COMMENTS = YES;
				CLANG_WARN_EMPTY_BODY = YES;
				CLANG_WARN_ENUM_CONVERSION = YES;
				CLANG_WARN_INFINITE_RECURSION = YES;
				CLANG_WARN_INT_CONVERSION = YES;
				CLANG_WARN_NON_LITERAL_NULL_CONVERSION = YES;
				CLANG_WARN_OBJC_IMPLICIT_RETAIN_SELF = YES;
				CLANG_WARN_OBJC_LITERAL_CONVERSION = YES;
				CLANG_WARN_OBJC_ROOT_CLASS = YES_ERROR;
				CLANG_WARN_QUOTED_INCLUDE_IN_FRAMEWORK_HEADER = YES;
				CLANG_WARN_RANGE_LOOP_ANALYSIS = YES;
				CLANG_WARN_STRICT_PROTOTYPES = YES;
				CLANG_WARN_SUSPICIOUS_MOVE = YES;
				CLANG_WARN_UNGUARDED_AVAILABILITY = YES_AGGRESSIVE;
				CLANG_WARN_UNREACHABLE_CODE = YES;
				CLANG_WARN__DUPLICATE_METHOD_MATCH = YES;
				COPY_PHASE_STRIP = NO;
				DEBUG_INFORMATION_FORMAT = "dwarf-with-dsym";
				ENABLE_NS_ASSERTIONS = NO;
				ENABLE_STRICT_OBJC_MSGSEND = YES;
				GCC_C_LANGUAGE_STANDARD = gnu11;
				GCC_NO_COMMON_BLOCKS = YES;
				GCC_WARN_64_TO_32_BIT_CONVERSION = YES;
				GCC_WARN_ABOUT_RETURN_TYPE = YES_ERROR;
				GCC_WARN_UNDECLARED_SELECTOR = YES;
				GCC_WARN_UNINITIALIZED_AUTOS = YES_AGGRESSIVE;
				GCC_WARN_UNUSED_FUNCTION = YES;
				GCC_WARN_UNUSED_VARIABLE = YES;
				IPHONEOS_DEPLOYMENT_TARGET = 15.2;
				MTL_ENABLE_DEBUG_INFO = NO;
				MTL_FAST_MATH = YES;
				SDKROOT = iphoneos;
				SWIFT_COMPILATION_MODE = wholemodule;
				SWIFT_OPTIMIZATION_LEVEL = "-O";
				VALIDATE_PRODUCT = YES;
			};
			name = Release;
		};
		FA5DCCCC27C5430F00726CFE /* Debug */ = {
			isa = XCBuildConfiguration;
			buildSettings = {
				ASSETCATALOG_COMPILER_APPICON_NAME = AppIcon;
				ASSETCATALOG_COMPILER_GLOBAL_ACCENT_COLOR_NAME = AccentColor;
				CODE_SIGN_STYLE = Automatic;
				CURRENT_PROJECT_VERSION = 1;
				GENERATE_INFOPLIST_FILE = YES;
				INFOPLIST_FILE = "Word Guess/Info.plist";
				INFOPLIST_KEY_CFBundleDisplayName = "Word Guess";
				INFOPLIST_KEY_UIApplicationSupportsIndirectInputEvents = YES;
				INFOPLIST_KEY_UILaunchStoryboardName = LaunchScreen;
				INFOPLIST_KEY_UIMainStoryboardFile = Main;
				INFOPLIST_KEY_UISupportedInterfaceOrientations_iPad = "UIInterfaceOrientationPortrait UIInterfaceOrientationPortraitUpsideDown UIInterfaceOrientationLandscapeLeft UIInterfaceOrientationLandscapeRight";
				INFOPLIST_KEY_UISupportedInterfaceOrientations_iPhone = "UIInterfaceOrientationPortrait UIInterfaceOrientationLandscapeLeft UIInterfaceOrientationLandscapeRight";
				LD_RUNPATH_SEARCH_PATHS = (
					"$(inherited)",
					"@executable_path/Frameworks",
				);
				MARKETING_VERSION = 1.0;
				PRODUCT_BUNDLE_IDENTIFIER = "nwmsu.Word-Guess";
				PRODUCT_NAME = "$(TARGET_NAME)";
				SWIFT_EMIT_LOC_STRINGS = YES;
				SWIFT_VERSION = 5.0;
				TARGETED_DEVICE_FAMILY = "1,2";
			};
			name = Debug;
		};
		FA5DCCCD27C5430F00726CFE /* Release */ = {
			isa = XCBuildConfiguration;
			buildSettings = {
				ASSETCATALOG_COMPILER_APPICON_NAME = AppIcon;
				ASSETCATALOG_COMPILER_GLOBAL_ACCENT_COLOR_NAME = AccentColor;
				CODE_SIGN_STYLE = Automatic;
				CURRENT_PROJECT_VERSION = 1;
				GENERATE_INFOPLIST_FILE = YES;
				INFOPLIST_FILE = "Word Guess/Info.plist";
				INFOPLIST_KEY_CFBundleDisplayName = "Word Guess";
				INFOPLIST_KEY_UIApplicationSupportsIndirectInputEvents = YES;
				INFOPLIST_KEY_UILaunchStoryboardName = LaunchScreen;
				INFOPLIST_KEY_UIMainStoryboardFile = Main;
				INFOPLIST_KEY_UISupportedInterfaceOrientations_iPad = "UIInterfaceOrientationPortrait UIInterfaceOrientationPortraitUpsideDown UIInterfaceOrientationLandscapeLeft UIInterfaceOrientationLandscapeRight";
				INFOPLIST_KEY_UISupportedInterfaceOrientations_iPhone = "UIInterfaceOrientationPortrait UIInterfaceOrientationLandscapeLeft UIInterfaceOrientationLandscapeRight";
				LD_RUNPATH_SEARCH_PATHS = (
					"$(inherited)",
					"@executable_path/Frameworks",
				);
				MARKETING_VERSION = 1.0;
				PRODUCT_BUNDLE_IDENTIFIER = "nwmsu.Word-Guess";
				PRODUCT_NAME = "$(TARGET_NAME)";
				SWIFT_EMIT_LOC_STRINGS = YES;
				SWIFT_VERSION = 5.0;
				TARGETED_DEVICE_FAMILY = "1,2";
			};
			name = Release;
		};
		FA5DCCCF27C5430F00726CFE /* Debug */ = {
			isa = XCBuildConfiguration;
			buildSettings = {
				ALWAYS_EMBED_SWIFT_STANDARD_LIBRARIES = YES;
				BUNDLE_LOADER = "$(TEST_HOST)";
				CODE_SIGN_STYLE = Automatic;
				CURRENT_PROJECT_VERSION = 1;
				GENERATE_INFOPLIST_FILE = YES;
				IPHONEOS_DEPLOYMENT_TARGET = 15.2;
				MARKETING_VERSION = 1.0;
				PRODUCT_BUNDLE_IDENTIFIER = "nwmsu.Word-GuessTests";
				PRODUCT_NAME = "$(TARGET_NAME)";
				SWIFT_EMIT_LOC_STRINGS = NO;
				SWIFT_VERSION = 5.0;
				TARGETED_DEVICE_FAMILY = "1,2";
				TEST_HOST = "$(BUILT_PRODUCTS_DIR)/Word Guess.app/Word Guess";
			};
			name = Debug;
		};
		FA5DCCD027C5430F00726CFE /* Release */ = {
			isa = XCBuildConfiguration;
			buildSettings = {
				ALWAYS_EMBED_SWIFT_STANDARD_LIBRARIES = YES;
				BUNDLE_LOADER = "$(TEST_HOST)";
				CODE_SIGN_STYLE = Automatic;
				CURRENT_PROJECT_VERSION = 1;
				GENERATE_INFOPLIST_FILE = YES;
				IPHONEOS_DEPLOYMENT_TARGET = 15.2;
				MARKETING_VERSION = 1.0;
				PRODUCT_BUNDLE_IDENTIFIER = "nwmsu.Word-GuessTests";
				PRODUCT_NAME = "$(TARGET_NAME)";
				SWIFT_EMIT_LOC_STRINGS = NO;
				SWIFT_VERSION = 5.0;
				TARGETED_DEVICE_FAMILY = "1,2";
				TEST_HOST = "$(BUILT_PRODUCTS_DIR)/Word Guess.app/Word Guess";
			};
			name = Release;
		};
		FA5DCCD227C5430F00726CFE /* Debug */ = {
			isa = XCBuildConfiguration;
			buildSettings = {
				ALWAYS_EMBED_SWIFT_STANDARD_LIBRARIES = YES;
				CODE_SIGN_STYLE = Automatic;
				CURRENT_PROJECT_VERSION = 1;
				GENERATE_INFOPLIST_FILE = YES;
				MARKETING_VERSION = 1.0;
				PRODUCT_BUNDLE_IDENTIFIER = "nwmsu.Word-GuessUITests";
				PRODUCT_NAME = "$(TARGET_NAME)";
				SWIFT_EMIT_LOC_STRINGS = NO;
				SWIFT_VERSION = 5.0;
				TARGETED_DEVICE_FAMILY = "1,2";
				TEST_TARGET_NAME = "Word Guess";
			};
			name = Debug;
		};
		FA5DCCD327C5430F00726CFE /* Release */ = {
			isa = XCBuildConfiguration;
			buildSettings = {
				ALWAYS_EMBED_SWIFT_STANDARD_LIBRARIES = YES;
				CODE_SIGN_STYLE = Automatic;
				CURRENT_PROJECT_VERSION = 1;
				GENERATE_INFOPLIST_FILE = YES;
				MARKETING_VERSION = 1.0;
				PRODUCT_BUNDLE_IDENTIFIER = "nwmsu.Word-GuessUITests";
				PRODUCT_NAME = "$(TARGET_NAME)";
				SWIFT_EMIT_LOC_STRINGS = NO;
				SWIFT_VERSION = 5.0;
				TARGETED_DEVICE_FAMILY = "1,2";
				TEST_TARGET_NAME = "Word Guess";
			};
			name = Release;
		};
/* End XCBuildConfiguration section */

/* Begin XCConfigurationList section */
		FA5DCC9C27C5430E00726CFE /* Build configuration list for PBXProject "Word Guess" */ = {
			isa = XCConfigurationList;
			buildConfigurations = (
				FA5DCCC927C5430F00726CFE /* Debug */,
				FA5DCCCA27C5430F00726CFE /* Release */,
			);
			defaultConfigurationIsVisible = 0;
			defaultConfigurationName = Release;
		};
		FA5DCCCB27C5430F00726CFE /* Build configuration list for PBXNativeTarget "Word Guess" */ = {
			isa = XCConfigurationList;
			buildConfigurations = (
				FA5DCCCC27C5430F00726CFE /* Debug */,
				FA5DCCCD27C5430F00726CFE /* Release */,
			);
			defaultConfigurationIsVisible = 0;
			defaultConfigurationName = Release;
		};
		FA5DCCCE27C5430F00726CFE /* Build configuration list for PBXNativeTarget "Word GuessTests" */ = {
			isa = XCConfigurationList;
			buildConfigurations = (
				FA5DCCCF27C5430F00726CFE /* Debug */,
				FA5DCCD027C5430F00726CFE /* Release */,
			);
			defaultConfigurationIsVisible = 0;
			defaultConfigurationName = Release;
		};
		FA5DCCD127C5430F00726CFE /* Build configuration list for PBXNativeTarget "Word GuessUITests" */ = {
			isa = XCConfigurationList;
			buildConfigurations = (
				FA5DCCD227C5430F00726CFE /* Debug */,
				FA5DCCD327C5430F00726CFE /* Release */,
			);
			defaultConfigurationIsVisible = 0;
			defaultConfigurationName = Release;
		};
/* End XCConfigurationList section */
	};
	rootObject = FA5DCC9927C5430E00726CFE /* Project object */;
}
